
Microsoft Visual Studio Solution File, Format Version 12.00
# Visual Studio 15
VisualStudioVersion = 15.0.28307.1169
MinimumVisualStudioVersion = 10.0.40219.1
Project("{8BC9CEB8-8B4A-11D0-8D11-00A0C91BC942}") = "src", "src\src.vcxproj", "{4401D823-74DA-4953-A86B-7FC30570626A}"
EndProject
Project("{8BC9CEB8-8B4A-11D0-8D11-00A0C91BC942}") = "test", "test\test.vcxproj", "{9BCF5FBB-2642-4EF7-842A-D5EA5E2994BC}"
EndProject
Global
	GlobalSection(SolutionConfigurationPlatforms) = preSolution
		Debug|x64 = Debug|x64
		Debug|x86 = Debug|x86
		Release|x64 = Release|x64
		Release|x86 = Release|x86
	EndGlobalSection
	GlobalSection(ProjectConfigurationPlatforms) = postSolution
		{4401D823-74DA-4953-A86B-7FC30570626A}.Debug|x64.ActiveCfg = Debug|x64
		{4401D823-74DA-4953-A86B-7FC30570626A}.Debug|x64.Build.0 = Debug|x64
		{4401D823-74DA-4953-A86B-7FC30570626A}.Debug|x86.ActiveCfg = Debug|Win32
		{4401D823-74DA-4953-A86B-7FC30570626A}.Debug|x86.Build.0 = Debug|Win32
		{4401D823-74DA-4953-A86B-7FC30570626A}.Release|x64.ActiveCfg = Release|x64
		{4401D823-74DA-4953-A86B-7FC30570626A}.Release|x64.Build.0 = Release|x64
		{4401D823-74DA-4953-A86B-7FC30570626A}.Release|x86.ActiveCfg = Release|Win32
		{4401D823-74DA-4953-A86B-7FC30570626A}.Release|x86.Build.0 = Release|Win32
		{9BCF5FBB-2642-4EF7-842A-D5EA5E2994BC}.Debug|x64.ActiveCfg = Debug|x64
		{9BCF5FBB-2642-4EF7-842A-D5EA5E2994BC}.Debug|x64.Build.0 = Debug|x64
		{9BCF5FBB-2642-4EF7-842A-D5EA5E2994BC}.Debug|x86.ActiveCfg = Debug|Win32
		{9BCF5FBB-2642-4EF7-842A-D5EA5E2994BC}.Debug|x86.Build.0 = Debug|Win32
		{9BCF5FBB-2642-4EF7-842A-D5EA5E2994BC}.Release|x64.ActiveCfg = Release|x64
		{9BCF5FBB-2642-4EF7-842A-D5EA5E2994BC}.Release|x64.Build.0 = Release|x64
		{9BCF5FBB-2642-4EF7-842A-D5EA5E2994BC}.Release|x86.ActiveCfg = Release|Win32
		{9BCF5FBB-2642-4EF7-842A-D5EA5E2994BC}.Release|x86.Build.0 = Release|Win32
	EndGlobalSection
	GlobalSection(SolutionProperties) = preSolution
		HideSolutionNode = FALSE
	EndGlobalSection
	GlobalSection(ExtensibilityGlobals) = postSolution
		SolutionGuid = {B77B7882-90A9-47D8-A390-A96240BD27CC}
	EndGlobalSection
EndGlobal
